
Microsoft Visual Studio Solution File, Format Version 12.00
# Visual Studio Version 17
VisualStudioVersion = 17.4.33110.190
MinimumVisualStudioVersion = 10.0.40219.1
Project("{9A19103F-16F7-4668-BE54-9A1E7A4F7556}") = "ZadatakCSharp", "ZadatakCSharp\ZadatakCSharp.csproj", "{59FDB502-CEED-4D98-A388-AB43C3F5F7DB}"
EndProject
Project("{FAE04EC0-301F-11D3-BF4B-00C04F79EFBC}") = "TestProject1", "TestProject1\TestProject1.csproj", "{C0CCDBFA-192A-48DC-A5E6-749088052F0C}"
EndProject
Project("{FAE04EC0-301F-11D3-BF4B-00C04F79EFBC}") = "TestConsoleApp", "TestConsoleApp\TestConsoleApp.csproj", "{E66C3B55-08AA-4F5E-8150-A2763B649FF6}"
EndProject
Global
	GlobalSection(SolutionConfigurationPlatforms) = preSolution
		Debug|Any CPU = Debug|Any CPU
		Release|Any CPU = Release|Any CPU
	EndGlobalSection
	GlobalSection(ProjectConfigurationPlatforms) = postSolution
		{59FDB502-CEED-4D98-A388-AB43C3F5F7DB}.Debug|Any CPU.ActiveCfg = Debug|Any CPU
		{59FDB502-CEED-4D98-A388-AB43C3F5F7DB}.Debug|Any CPU.Build.0 = Debug|Any CPU
		{59FDB502-CEED-4D98-A388-AB43C3F5F7DB}.Release|Any CPU.ActiveCfg = Release|Any CPU
		{59FDB502-CEED-4D98-A388-AB43C3F5F7DB}.Release|Any CPU.Build.0 = Release|Any CPU
		{C0CCDBFA-192A-48DC-A5E6-749088052F0C}.Debug|Any CPU.ActiveCfg = Debug|Any CPU
		{C0CCDBFA-192A-48DC-A5E6-749088052F0C}.Debug|Any CPU.Build.0 = Debug|Any CPU
		{C0CCDBFA-192A-48DC-A5E6-749088052F0C}.Release|Any CPU.ActiveCfg = Release|Any CPU
		{C0CCDBFA-192A-48DC-A5E6-749088052F0C}.Release|Any CPU.Build.0 = Release|Any CPU
		{E66C3B55-08AA-4F5E-8150-A2763B649FF6}.Debug|Any CPU.ActiveCfg = Debug|Any CPU
		{E66C3B55-08AA-4F5E-8150-A2763B649FF6}.Debug|Any CPU.Build.0 = Debug|Any CPU
		{E66C3B55-08AA-4F5E-8150-A2763B649FF6}.Release|Any CPU.ActiveCfg = Release|Any CPU
		{E66C3B55-08AA-4F5E-8150-A2763B649FF6}.Release|Any CPU.Build.0 = Release|Any CPU
	EndGlobalSection
	GlobalSection(SolutionProperties) = preSolution
		HideSolutionNode = FALSE
	EndGlobalSection
	GlobalSection(ExtensibilityGlobals) = postSolution
		SolutionGuid = {3DEF28E0-8FD0-4238-9DAA-B818688CD291}
	EndGlobalSection
EndGlobal
